{
  "name": "pchains-tx-parser",
  "version": "1.0.0",
  "lockfileVersion": 1,
  "requires": true,
  "dependencies": {
    "hex2dec": {
      "version": "1.1.1",
      "resolved": "https://registry.npmjs.org/hex2dec/-/hex2dec-1.1.1.tgz",
      "integrity": "sha512-E1nK1KCHaX9NvY3wkCMpZxj3oGokO5fgjcKUBaOgSkkvNogm8ngb8isKtzlxnLT37/JXLODVYXz9ti99Bxz8gg=="
    }
  }
}
